{
  "name": "swoge-pusher-server",
  "version": "1.0.0",
  "lockfileVersion": 3,
  "requires": true,
  "packages": {
    "": {
      "name": "swoge-pusher-server",
      "version": "1.0.0",
      "license": "MIT",
      "dependencies": {
        "@anthropic-ai/sdk": "^0.128.0",
        "@simplewebauthn/server": "^13.3.3",
        "cannon-es": "^0.20.0",
        "ethers": "^5.8.0",
        "ws": "^8.21.2"
      },
      "engines": {
        "node": ">=18"
      }
    },
    "node_modules/@anthropic-ai/sdk": {
      "version": "0.128.0",
      "resolved": "https://registry.npmjs.org/@anthropic-ai/sdk/-/sdk-0.128.0.tgz",
      "integrity": "sha512-tl5cBFZC1jVFrTuQyvQObA4WmuNgcYVeXfriqOumgtLAHUm4gPUj18YnszBW60v0PrjDB8nBDOC6wd9CmHQFlA==",
      "license": "MIT",
      "dependencies": {
        "json-schema-to-ts": "^3.1.1",
        "standardwebhooks": "^1.0.0"
      },
      "bin": {
        "anthropic-ai-sdk": "bin/cli"
      },
      "peerDependencies": {
        "zod": "^3.25.0 || ^4.0.0"
      },
      "peerDependenciesMeta": {
        "zod": {
          "optional": true
        }
      }
    },
    "node_modules/@babel/runtime": {
      "version": "7.29.7",
      "resolved": "https://registry.npmjs.org/@babel/runtime/-/runtime-7.29.7.tgz",
      "integrity": "sha512-Nq8OhGWiZIZGV6hLHoyAKLLcJihP/xFeBMGJoUrxTX2psI8dCifzLhZISFb+VWS3wFMRDmCGw5R+dOySCqPLhw==",
      "license": "MIT",
      "engines": {
        "node": ">=6.9.0"
      }
    },
    "node_modules/@ethersproject/abi": {
      "version": "5.8.0",
      "resolved": "https://registry.npmjs.org/@ethersproject/abi/-/abi-5.8.0.tgz",
      "integrity": "sha512-b9YS/43ObplgyV6SlyQsG53/vkSal0MNA1fskSC4mbnCMi8R+NkcH8K9FPYNESf6jUefBUniE4SOKms0E/KK1Q==",
      "funding": [
        {
          "type": "individual",
          "url": "https://gitcoin.co/grants/13/ethersjs-complete-simple-and-tiny-2"
        },
        {
          "type": "individual",
          "url": "https://www.buymeacoffee.com/ricmoo"
        }
      ],
      "license": "MIT",
      "dependencies": {
        "@ethersproject/address": "^5.8.0",
        "@ethersproject/bignumber": "^5.8.0",
        "@ethersproject/bytes": "^5.8.0",
        "@ethersproject/constants": "^5.8.0",
        "@ethersproject/hash": "^5.8.0",
        "@ethersproject/keccak256": "^5.8.0",
        "@ethersproject/logger": "^5.8.0",
        "@ethersproject/properties": "^5.8.0",
        "@ethersproject/strings": "^5.8.0"
      }
    },
    "node_modules/@ethersproject/abstract-provider": {
      "version": "5.8.0",
      "resolved": "https://registry.npmjs.org/@ethersproject/abstract-provider/-/abstract-provider-5.8.0.tgz",
      "integrity": "sha512-wC9SFcmh4UK0oKuLJQItoQdzS/qZ51EJegK6EmAWlh+OptpQ/npECOR3QqECd8iGHC0RJb4WKbVdSfif4ammrg==",
      "funding": [
        {
          "type": "individual",
          "url": "https://gitcoin.co/grants/13/ethersjs-complete-simple-and-tiny-2"
        },
        {
          "type": "individual",
          "url": "https://www.buymeacoffee.com/ricmoo"
        }
      ],
      "license": "MIT",
      "dependencies": {
        "@ethersproject/bignumber": "^5.8.0",
        "@ethersproject/bytes": "^5.8.0",
        "@ethersproject/logger": "^5.8.0",
        "@ethersproject/networks": "^5.8.0",
        "@ethersproject/properties": "^5.8.0",
        "@ethersproject/transactions": "^5.8.0",
        "@ethersproject/web": "^5.8.0"
      }
    },
    "node_modules/@ethersproject/abstract-signer": {
      "version": "5.8.0",
      "resolved": "https://registry.npmjs.org/@ethersproject/abstract-signer/-/abstract-signer-5.8.0.tgz",
      "integrity": "sha512-N0XhZTswXcmIZQdYtUnd79VJzvEwXQw6PK0dTl9VoYrEBxxCPXqS0Eod7q5TNKRxe1/5WUMuR0u0nqTF/avdCA==",
      "funding": [
        {
          "type": "individual",
          "url": "https://gitcoin.co/grants/13/ethersjs-complete-simple-and-tiny-2"
        },
        {
          "type": "individual",
          "url": "https://www.buymeacoffee.com/ricmoo"
        }
      ],
      "license": "MIT",
      "dependencies": {
        "@ethersproject/abstract-provider": "^5.8.0",
        "@ethersproject/bignumber": "^5.8.0",
        "@ethersproject/bytes": "^5.8.0",
        "@ethersproject/logger": "^5.8.0",
        "@ethersproject/properties": "^5.8.0"
      }
    },
    "node_modules/@ethersproject/address": {
      "version": "5.8.0",
      "resolved": "https://registry.npmjs.org/@ethersproject/address/-/address-5.8.0.tgz",
      "integrity": "sha512-GhH/abcC46LJwshoN+uBNoKVFPxUuZm6dA257z0vZkKmU1+t8xTn8oK7B9qrj8W2rFRMch4gbJl6PmVxjxBEBA==",
      "funding": [
        {
          "type": "individual",
          "url": "https://gitcoin.co/grants/13/ethersjs-complete-simple-and-tiny-2"
        },
        {
          "type": "individual",
          "url": "https://www.buymeacoffee.com/ricmoo"
        }
      ],
      "license": "MIT",
      "dependencies": {
        "@ethersproject/bignumber": "^5.8.0",
        "@ethersproject/bytes": "^5.8.0",
        "@ethersproject/keccak256": "^5.8.0",
        "@ethersproject/logger": "^5.8.0",
        "@ethersproject/rlp": "^5.8.0"
      }
    },
    "node_modules/@ethersproject/base64": {
      "version": "5.8.0",
      "resolved": "https://registry.npmjs.org/@ethersproject/base64/-/base64-5.8.0.tgz",
      "integrity": "sha512-lN0oIwfkYj9LbPx4xEkie6rAMJtySbpOAFXSDVQaBnAzYfB4X2Qr+FXJGxMoc3Bxp2Sm8OwvzMrywxyw0gLjIQ==",
      "funding": [
        {
          "type": "individual",
          "url": "https://gitcoin.co/grants/13/ethersjs-complete-simple-and-tiny-2"
        },
        {
          "type": "individual",
          "url": "https://www.buymeacoffee.com/ricmoo"
        }
      ],
      "license": "MIT",
      "dependencies": {
        "@ethersproject/bytes": "^5.8.0"
      }
    },
    "node_modules/@ethersproject/basex": {
      "version": "5.8.0",
      "resolved": "https://registry.npmjs.org/@ethersproject/basex/-/basex-5.8.0.tgz",
      "integrity": "sha512-PIgTszMlDRmNwW9nhS6iqtVfdTAKosA7llYXNmGPw4YAI1PUyMv28988wAb41/gHF/WqGdoLv0erHaRcHRKW2Q==",
      "funding": [
        {
          "type": "individual",
          "url": "https://gitcoin.co/grants/13/ethersjs-complete-simple-and-tiny-2"
        },
        {
          "type": "individual",
          "url": "https://www.buymeacoffee.com/ricmoo"
        }
      ],
      "license": "MIT",
      "dependencies": {
        "@ethersproject/bytes": "^5.8.0",
        "@ethersproject/properties": "^5.8.0"
      }
    },
    "node_modules/@ethersproject/bignumber": {
      "version": "5.8.0",
      "resolved": "https://registry.npmjs.org/@ethersproject/bignumber/-/bignumber-5.8.0.tgz",
      "integrity": "sha512-ZyaT24bHaSeJon2tGPKIiHszWjD/54Sz8t57Toch475lCLljC6MgPmxk7Gtzz+ddNN5LuHea9qhAe0x3D+uYPA==",
      "funding": [
        {
          "type": "individual",
          "url": "https://gitcoin.co/grants/13/ethersjs-complete-simple-and-tiny-2"
        },
        {
          "type": "individual",
          "url": "https://www.buymeacoffee.com/ricmoo"
        }
      ],
      "license": "MIT",
      "dependencies": {
        "@ethersproject/bytes": "^5.8.0",
        "@ethersproject/logger": "^5.8.0",
        "bn.js": "^5.2.1"
      }
    },
    "node_modules/@ethersproject/bytes": {
      "version": "5.8.0",
      "resolved": "https://registry.npmjs.org/@ethersproject/bytes/-/bytes-5.8.0.tgz",
      "integrity": "sha512-vTkeohgJVCPVHu5c25XWaWQOZ4v+DkGoC42/TS2ond+PARCxTJvgTFUNDZovyQ/uAQ4EcpqqowKydcdmRKjg7A==",
      "funding": [
        {
          "type": "individual",
          "url": "https://gitcoin.co/grants/13/ethersjs-complete-simple-and-tiny-2"
        },
        {
          "type": "individual",
          "url": "https://www.buymeacoffee.com/ricmoo"
        }
      ],
      "license": "MIT",
      "dependencies": {
        "@ethersproject/logger": "^5.8.0"
      }
    },
    "node_modules/@ethersproject/constants": {
      "version": "5.8.0",
      "resolved": "https://registry.npmjs.org/@ethersproject/constants/-/constants-5.8.0.tgz",
      "integrity": "sha512-wigX4lrf5Vu+axVTIvNsuL6YrV4O5AXl5ubcURKMEME5TnWBouUh0CDTWxZ2GpnRn1kcCgE7l8O5+VbV9QTTcg==",
      "funding": [
        {
          "type": "individual",
          "url": "https://gitcoin.co/grants/13/ethersjs-complete-simple-and-tiny-2"
        },
        {
          "type": "individual",
          "url": "https://www.buymeacoffee.com/ricmoo"
        }
      ],
      "license": "MIT",
      "dependencies": {
        "@ethersproject/bignumber": "^5.8.0"
      }
    },
    "node_modules/@ethersproject/contracts": {
      "version": "5.8.0",
      "resolved": "https://registry.npmjs.org/@ethersproject/contracts/-/contracts-5.8.0.tgz",
      "integrity": "sha512-0eFjGz9GtuAi6MZwhb4uvUM216F38xiuR0yYCjKJpNfSEy4HUM8hvqqBj9Jmm0IUz8l0xKEhWwLIhPgxNY0yvQ==",
      "funding": [
        {
          "type": "individual",
          "url": "https://gitcoin.co/grants/13/ethersjs-complete-simple-and-tiny-2"
        },
        {
          "type": "individual",
          "url": "https://www.buymeacoffee.com/ricmoo"
        }
      ],
      "license": "MIT",
      "dependencies": {
        "@ethersproject/abi": "^5.8.0",
        "@ethersproject/abstract-provider": "^5.8.0",
        "@ethersproject/abstract-signer": "^5.8.0",
        "@ethersproject/address": "^5.8.0",
        "@ethersproject/bignumber": "^5.8.0",
        "@ethersproject/bytes": "^5.8.0",
        "@ethersproject/constants": "^5.8.0",
        "@ethersproject/logger": "^5.8.0",
        "@ethersproject/properties": "^5.8.0",
        "@ethersproject/transactions": "^5.8.0"
      }
    },
    "node_modules/@ethersproject/hash": {
      "version": "5.8.0",
      "resolved": "https://registry.npmjs.org/@ethersproject/hash/-/hash-5.8.0.tgz",
      "integrity": "sha512-ac/lBcTbEWW/VGJij0CNSw/wPcw9bSRgCB0AIBz8CvED/jfvDoV9hsIIiWfvWmFEi8RcXtlNwp2jv6ozWOsooA==",
      "funding": [
        {
          "type": "individual",
          "url": "https://gitcoin.co/grants/13/ethersjs-complete-simple-and-tiny-2"
        },
        {
          "type": "individual",
          "url": "https://www.buymeacoffee.com/ricmoo"
        }
      ],
      "license": "MIT",
      "dependencies": {
        "@ethersproject/abstract-signer": "^5.8.0",
        "@ethersproject/address": "^5.8.0",
        "@ethersproject/base64": "^5.8.0",
        "@ethersproject/bignumber": "^5.8.0",
        "@ethersproject/bytes": "^5.8.0",
        "@ethersproject/keccak256": "^5.8.0",
        "@ethersproject/logger": "^5.8.0",
        "@ethersproject/properties": "^5.8.0",
        "@ethersproject/strings": "^5.8.0"
      }
    },
    "node_modules/@ethersproject/hdnode": {
      "version": "5.8.0",
      "resolved": "https://registry.npmjs.org/@ethersproject/hdnode/-/hdnode-5.8.0.tgz",
      "integrity": "sha512-4bK1VF6E83/3/Im0ERnnUeWOY3P1BZml4ZD3wcH8Ys0/d1h1xaFt6Zc+Dh9zXf9TapGro0T4wvO71UTCp3/uoA==",
      "funding": [
        {
          "type": "individual",
          "url": "https://gitcoin.co/grants/13/ethersjs-complete-simple-and-tiny-2"
        },
        {
          "type": "individual",
          "url": "https://www.buymeacoffee.com/ricmoo"
        }
      ],
      "license": "MIT",
      "dependencies": {
        "@ethersproject/abstract-signer": "^5.8.0",
        "@ethersproject/basex": "^5.8.0",
        "@ethersproject/bignumber": "^5.8.0",
        "@ethersproject/bytes": "^5.8.0",
        "@ethersproject/logger": "^5.8.0",
        "@ethersproject/pbkdf2": "^5.8.0",
        "@ethersproject/properties": "^5.8.0",
        "@ethersproject/sha2": "^5.8.0",
        "@ethersproject/signing-key": "^5.8.0",
        "@ethersproject/strings": "^5.8.0",
        "@ethersproject/transactions": "^5.8.0",
        "@ethersproject/wordlists": "^5.8.0"
      }
    },
    "node_modules/@ethersproject/json-wallets": {
      "version": "5.8.0",
      "resolved": "https://registry.npmjs.org/@ethersproject/json-wallets/-/json-wallets-5.8.0.tgz",
      "integrity": "sha512-HxblNck8FVUtNxS3VTEYJAcwiKYsBIF77W15HufqlBF9gGfhmYOJtYZp8fSDZtn9y5EaXTE87zDwzxRoTFk11w==",
      "funding": [
        {
          "type": "individual",
          "url": "https://gitcoin.co/grants/13/ethersjs-complete-simple-and-tiny-2"
        },
        {
          "type": "individual",
          "url": "https://www.buymeacoffee.com/ricmoo"
        }
      ],
      "license": "MIT",
      "dependencies": {
        "@ethersproject/abstract-signer": "^5.8.0",
        "@ethersproject/address": "^5.8.0",
        "@ethersproject/bytes": "^5.8.0",
        "@ethersproject/hdnode": "^5.8.0",
        "@ethersproject/keccak256": "^5.8.0",
        "@ethersproject/logger": "^5.8.0",
        "@ethersproject/pbkdf2": "^5.8.0",
        "@ethersproject/properties": "^5.8.0",
        "@ethersproject/random": "^5.8.0",
        "@ethersproject/strings": "^5.8.0",
        "@ethersproject/transactions": "^5.8.0",
        "aes-js": "3.0.0",
        "scrypt-js": "3.0.1"
      }
    },
    "node_modules/@ethersproject/keccak256": {
      "version": "5.8.0",
      "resolved": "https://registry.npmjs.org/@ethersproject/keccak256/-/keccak256-5.8.0.tgz",
      "integrity": "sha512-A1pkKLZSz8pDaQ1ftutZoaN46I6+jvuqugx5KYNeQOPqq+JZ0Txm7dlWesCHB5cndJSu5vP2VKptKf7cksERng==",
      "funding": [
        {
          "type": "individual",
          "url": "https://gitcoin.co/grants/13/ethersjs-complete-simple-and-tiny-2"
        },
        {
          "type": "individual",
          "url": "https://www.buymeacoffee.com/ricmoo"
        }
      ],
      "license": "MIT",
      "dependencies": {
        "@ethersproject/bytes": "^5.8.0",
        "js-sha3": "0.8.0"
      }
    },
    "node_modules/@ethersproject/logger": {
      "version": "5.8.0",
      "resolved": "https://registry.npmjs.org/@ethersproject/logger/-/logger-5.8.0.tgz",
      "integrity": "sha512-Qe6knGmY+zPPWTC+wQrpitodgBfH7XoceCGL5bJVejmH+yCS3R8jJm8iiWuvWbG76RUmyEG53oqv6GMVWqunjA==",
      "funding": [
        {
          "type": "individual",
          "url": "https://gitcoin.co/grants/13/ethersjs-complete-simple-and-tiny-2"
        },
        {
          "type": "individual",
          "url": "https://www.buymeacoffee.com/ricmoo"
        }
      ],
      "license": "MIT"
    },
    "node_modules/@ethersproject/networks": {
      "version": "5.8.0",
      "resolved": "https://registry.npmjs.org/@ethersproject/networks/-/networks-5.8.0.tgz",
      "integrity": "sha512-egPJh3aPVAzbHwq8DD7Po53J4OUSsA1MjQp8Vf/OZPav5rlmWUaFLiq8cvQiGK0Z5K6LYzm29+VA/p4RL1FzNg==",
      "funding": [
        {
          "type": "individual",
          "url": "https://gitcoin.co/grants/13/ethersjs-complete-simple-and-tiny-2"
        },
        {
          "type": "individual",
          "url": "https://www.buymeacoffee.com/ricmoo"
        }
      ],
      "license": "MIT",
      "dependencies": {
        "@ethersproject/logger": "^5.8.0"
      }
    },
    "node_modules/@ethersproject/pbkdf2": {
      "version": "5.8.0",
      "resolved": "https://registry.npmjs.org/@ethersproject/pbkdf2/-/pbkdf2-5.8.0.tgz",
      "integrity": "sha512-wuHiv97BrzCmfEaPbUFpMjlVg/IDkZThp9Ri88BpjRleg4iePJaj2SW8AIyE8cXn5V1tuAaMj6lzvsGJkGWskg==",
      "funding": [
        {
          "type": "individual",
          "url": "https://gitcoin.co/grants/13/ethersjs-complete-simple-and-tiny-2"
        },
        {
          "type": "individual",
          "url": "https://www.buymeacoffee.com/ricmoo"
        }
      ],
      "license": "MIT",
      "dependencies": {
        "@ethersproject/bytes": "^5.8.0",
        "@ethersproject/sha2": "^5.8.0"
      }
    },
    "node_modules/@ethersproject/properties": {
      "version": "5.8.0",
      "resolved": "https://registry.npmjs.org/@ethersproject/properties/-/properties-5.8.0.tgz",
      "integrity": "sha512-PYuiEoQ+FMaZZNGrStmN7+lWjlsoufGIHdww7454FIaGdbe/p5rnaCXTr5MtBYl3NkeoVhHZuyzChPeGeKIpQw==",
      "funding": [
        {
          "type": "individual",
          "url": "https://gitcoin.co/grants/13/ethersjs-complete-simple-and-tiny-2"
        },
        {
          "type": "individual",
          "url": "https://www.buymeacoffee.com/ricmoo"
        }
      ],
      "license": "MIT",
      "dependencies": {
        "@ethersproject/logger": "^5.8.0"
      }
    },
    "node_modules/@ethersproject/providers": {
      "version": "5.8.0",
      "resolved": "https://registry.npmjs.org/@ethersproject/providers/-/providers-5.8.0.tgz",
      "integrity": "sha512-3Il3oTzEx3o6kzcg9ZzbE+oCZYyY+3Zh83sKkn4s1DZfTUjIegHnN2Cm0kbn9YFy45FDVcuCLLONhU7ny0SsCw==",
      "funding": [
        {
          "type": "individual",
          "url": "https://gitcoin.co/grants/13/ethersjs-complete-simple-and-tiny-2"
        },
        {
          "type": "individual",
          "url": "https://www.buymeacoffee.com/ricmoo"
        }
      ],
      "license": "MIT",
      "dependencies": {
        "@ethersproject/abstract-provider": "^5.8.0",
        "@ethersproject/abstract-signer": "^5.8.0",
        "@ethersproject/address": "^5.8.0",
        "@ethersproject/base64": "^5.8.0",
        "@ethersproject/basex": "^5.8.0",
        "@ethersproject/bignumber": "^5.8.0",
        "@ethersproject/bytes": "^5.8.0",
        "@ethersproject/constants": "^5.8.0",
        "@ethersproject/hash": "^5.8.0",
        "@ethersproject/logger": "^5.8.0",
        "@ethersproject/networks": "^5.8.0",
        "@ethersproject/properties": "^5.8.0",
        "@ethersproject/random": "^5.8.0",
        "@ethersproject/rlp": "^5.8.0",
        "@ethersproject/sha2": "^5.8.0",
        "@ethersproject/strings": "^5.8.0",
        "@ethersproject/transactions": "^5.8.0",
        "@ethersproject/web": "^5.8.0",
        "bech32": "1.1.4",
        "ws": "8.18.0"
      }
    },
    "node_modules/@ethersproject/providers/node_modules/ws": {
      "version": "8.18.0",
      "resolved": "https://registry.npmjs.org/ws/-/ws-8.18.0.tgz",
      "integrity": "sha512-8VbfWfHLbbwu3+N6OKsOMpBdT4kXPDDB9cJk2bJ6mh9ucxdlnNvH1e+roYkKmN9Nxw2yjz7VzeO9oOz2zJ04Pw==",
      "license": "MIT",
      "engines": {
        "node": ">=10.0.0"
      },
      "peerDependencies": {
        "bufferutil": "^4.0.1",
        "utf-8-validate": ">=5.0.2"
      },
      "peerDependenciesMeta": {
        "bufferutil": {
          "optional": true
        },
        "utf-8-validate": {
          "optional": true
        }
      }
    },
    "node_modules/@ethersproject/random": {
      "version": "5.8.0",
      "resolved": "https://registry.npmjs.org/@ethersproject/random/-/random-5.8.0.tgz",
      "integrity": "sha512-E4I5TDl7SVqyg4/kkA/qTfuLWAQGXmSOgYyO01So8hLfwgKvYK5snIlzxJMk72IFdG/7oh8yuSqY2KX7MMwg+A==",
      "funding": [
        {
          "type": "individual",
          "url": "https://gitcoin.co/grants/13/ethersjs-complete-simple-and-tiny-2"
        },
        {
          "type": "individual",
          "url": "https://www.buymeacoffee.com/ricmoo"
        }
      ],
      "license": "MIT",
      "dependencies": {
        "@ethersproject/bytes": "^5.8.0",
        "@ethersproject/logger": "^5.8.0"
      }
    },
    "node_modules/@ethersproject/rlp": {
      "version": "5.8.0",
      "resolved": "https://registry.npmjs.org/@ethersproject/rlp/-/rlp-5.8.0.tgz",
      "integrity": "sha512-LqZgAznqDbiEunaUvykH2JAoXTT9NV0Atqk8rQN9nx9SEgThA/WMx5DnW8a9FOufo//6FZOCHZ+XiClzgbqV9Q==",
      "funding": [
        {
          "type": "individual",
          "url": "https://gitcoin.co/grants/13/ethersjs-complete-simple-and-tiny-2"
        },
        {
          "type": "individual",
          "url": "https://www.buymeacoffee.com/ricmoo"
        }
      ],
      "license": "MIT",
      "dependencies": {
        "@ethersproject/bytes": "^5.8.0",
        "@ethersproject/logger": "^5.8.0"
      }
    },
    "node_modules/@ethersproject/sha2": {
      "version": "5.8.0",
      "resolved": "https://registry.npmjs.org/@ethersproject/sha2/-/sha2-5.8.0.tgz",
      "integrity": "sha512-dDOUrXr9wF/YFltgTBYS0tKslPEKr6AekjqDW2dbn1L1xmjGR+9GiKu4ajxovnrDbwxAKdHjW8jNcwfz8PAz4A==",
      "funding": [
        {
          "type": "individual",
          "url": "https://gitcoin.co/grants/13/ethersjs-complete-simple-and-tiny-2"
        },
        {
          "type": "individual",
          "url": "https://www.buymeacoffee.com/ricmoo"
        }
      ],
      "license": "MIT",
      "dependencies": {
        "@ethersproject/bytes": "^5.8.0",
        "@ethersproject/logger": "^5.8.0",
        "hash.js": "1.1.7"
      }
    },
    "node_modules/@ethersproject/signing-key": {
      "version": "5.8.0",
      "resolved": "https://registry.npmjs.org/@ethersproject/signing-key/-/signing-key-5.8.0.tgz",
      "integrity": "sha512-LrPW2ZxoigFi6U6aVkFN/fa9Yx/+4AtIUe4/HACTvKJdhm0eeb107EVCIQcrLZkxaSIgc/eCrX8Q1GtbH+9n3w==",
      "funding": [
        {
          "type": "individual",
          "url": "https://gitcoin.co/grants/13/ethersjs-complete-simple-and-tiny-2"
        },
        {
          "type": "individual",
          "url": "https://www.buymeacoffee.com/ricmoo"
        }
      ],
      "license": "MIT",
      "dependencies": {
        "@ethersproject/bytes": "^5.8.0",
        "@ethersproject/logger": "^5.8.0",
        "@ethersproject/properties": "^5.8.0",
        "bn.js": "^5.2.1",
        "elliptic": "6.6.1",
        "hash.js": "1.1.7"
      }
    },
    "node_modules/@ethersproject/solidity": {
      "version": "5.8.0",
      "resolved": "https://registry.npmjs.org/@ethersproject/solidity/-/solidity-5.8.0.tgz",
      "integrity": "sha512-4CxFeCgmIWamOHwYN9d+QWGxye9qQLilpgTU0XhYs1OahkclF+ewO+3V1U0mvpiuQxm5EHHmv8f7ClVII8EHsA==",
      "funding": [
        {
          "type": "individual",
          "url": "https://gitcoin.co/grants/13/ethersjs-complete-simple-and-tiny-2"
        },
        {
          "type": "individual",
          "url": "https://www.buymeacoffee.com/ricmoo"
        }
      ],
      "license": "MIT",
      "dependencies": {
        "@ethersproject/bignumber": "^5.8.0",
        "@ethersproject/bytes": "^5.8.0",
        "@ethersproject/keccak256": "^5.8.0",
        "@ethersproject/logger": "^5.8.0",
        "@ethersproject/sha2": "^5.8.0",
        "@ethersproject/strings": "^5.8.0"
      }
    },
    "node_modules/@ethersproject/strings": {
      "version": "5.8.0",
      "resolved": "https://registry.npmjs.org/@ethersproject/strings/-/strings-5.8.0.tgz",
      "integrity": "sha512-qWEAk0MAvl0LszjdfnZ2uC8xbR2wdv4cDabyHiBh3Cldq/T8dPH3V4BbBsAYJUeonwD+8afVXld274Ls+Y1xXg==",
      "funding": [
        {
          "type": "individual",
          "url": "https://gitcoin.co/grants/13/ethersjs-complete-simple-and-tiny-2"
        },
        {
          "type": "individual",
          "url": "https://www.buymeacoffee.com/ricmoo"
        }
      ],
      "license": "MIT",
      "dependencies": {
        "@ethersproject/bytes": "^5.8.0",
        "@ethersproject/constants": "^5.8.0",
        "@ethersproject/logger": "^5.8.0"
      }
    },
    "node_modules/@ethersproject/transactions": {
      "version": "5.8.0",
      "resolved": "https://registry.npmjs.org/@ethersproject/transactions/-/transactions-5.8.0.tgz",
      "integrity": "sha512-UglxSDjByHG0TuU17bDfCemZ3AnKO2vYrL5/2n2oXvKzvb7Cz+W9gOWXKARjp2URVwcWlQlPOEQyAviKwT4AHg==",
      "funding": [
        {
          "type": "individual",
          "url": "https://gitcoin.co/grants/13/ethersjs-complete-simple-and-tiny-2"
        },
        {
          "type": "individual",
          "url": "https://www.buymeacoffee.com/ricmoo"
        }
      ],
      "license": "MIT",
      "dependencies": {
        "@ethersproject/address": "^5.8.0",
        "@ethersproject/bignumber": "^5.8.0",
        "@ethersproject/bytes": "^5.8.0",
        "@ethersproject/constants": "^5.8.0",
        "@ethersproject/keccak256": "^5.8.0",
        "@ethersproject/logger": "^5.8.0",
        "@ethersproject/properties": "^5.8.0",
        "@ethersproject/rlp": "^5.8.0",
        "@ethersproject/signing-key": "^5.8.0"
      }
    },
    "node_modules/@ethersproject/units": {
      "version": "5.8.0",
      "resolved": "https://registry.npmjs.org/@ethersproject/units/-/units-5.8.0.tgz",
      "integrity": "sha512-lxq0CAnc5kMGIiWW4Mr041VT8IhNM+Pn5T3haO74XZWFulk7wH1Gv64HqE96hT4a7iiNMdOCFEBgaxWuk8ETKQ==",
      "funding": [
        {
          "type": "individual",
          "url": "https://gitcoin.co/grants/13/ethersjs-complete-simple-and-tiny-2"
        },
        {
          "type": "individual",
          "url": "https://www.buymeacoffee.com/ricmoo"
        }
      ],
      "license": "MIT",
      "dependencies": {
        "@ethersproject/bignumber": "^5.8.0",
        "@ethersproject/constants": "^5.8.0",
        "@ethersproject/logger": "^5.8.0"
      }
    },
    "node_modules/@ethersproject/wallet": {
      "version": "5.8.0",
      "resolved": "https://registry.npmjs.org/@ethersproject/wallet/-/wallet-5.8.0.tgz",
      "integrity": "sha512-G+jnzmgg6UxurVKRKvw27h0kvG75YKXZKdlLYmAHeF32TGUzHkOFd7Zn6QHOTYRFWnfjtSSFjBowKo7vfrXzPA==",
      "funding": [
        {
          "type": "individual",
          "url": "https://gitcoin.co/grants/13/ethersjs-complete-simple-and-tiny-2"
        },
        {
          "type": "individual",
          "url": "https://www.buymeacoffee.com/ricmoo"
        }
      ],
      "license": "MIT",
      "dependencies": {
        "@ethersproject/abstract-provider": "^5.8.0",
        "@ethersproject/abstract-signer": "^5.8.0",
        "@ethersproject/address": "^5.8.0",
        "@ethersproject/bignumber": "^5.8.0",
        "@ethersproject/bytes": "^5.8.0",
        "@ethersproject/hash": "^5.8.0",
        "@ethersproject/hdnode": "^5.8.0",
        "@ethersproject/json-wallets": "^5.8.0",
        "@ethersproject/keccak256": "^5.8.0",
        "@ethersproject/logger": "^5.8.0",
        "@ethersproject/properties": "^5.8.0",
        "@ethersproject/random": "^5.8.0",
        "@ethersproject/signing-key": "^5.8.0",
        "@ethersproject/transactions": "^5.8.0",
        "@ethersproject/wordlists": "^5.8.0"
      }
    },
    "node_modules/@ethersproject/web": {
      "version": "5.8.0",
      "resolved": "https://registry.npmjs.org/@ethersproject/web/-/web-5.8.0.tgz",
      "integrity": "sha512-j7+Ksi/9KfGviws6Qtf9Q7KCqRhpwrYKQPs+JBA/rKVFF/yaWLHJEH3zfVP2plVu+eys0d2DlFmhoQJayFewcw==",
      "funding": [
        {
          "type": "individual",
          "url": "https://gitcoin.co/grants/13/ethersjs-complete-simple-and-tiny-2"
        },
        {
          "type": "individual",
          "url": "https://www.buymeacoffee.com/ricmoo"
        }
      ],
      "license": "MIT",
      "dependencies": {
        "@ethersproject/base64": "^5.8.0",
        "@ethersproject/bytes": "^5.8.0",
        "@ethersproject/logger": "^5.8.0",
        "@ethersproject/properties": "^5.8.0",
        "@ethersproject/strings": "^5.8.0"
      }
    },
    "node_modules/@ethersproject/wordlists": {
      "version": "5.8.0",
      "resolved": "https://registry.npmjs.org/@ethersproject/wordlists/-/wordlists-5.8.0.tgz",
      "integrity": "sha512-2df9bbXicZws2Sb5S6ET493uJ0Z84Fjr3pC4tu/qlnZERibZCeUVuqdtt+7Tv9xxhUxHoIekIA7avrKUWHrezg==",
      "funding": [
        {
          "type": "individual",
          "url": "https://gitcoin.co/grants/13/ethersjs-complete-simple-and-tiny-2"
        },
        {
          "type": "individual",
          "url": "https://www.buymeacoffee.com/ricmoo"
        }
      ],
      "license": "MIT",
      "dependencies": {
        "@ethersproject/bytes": "^5.8.0",
        "@ethersproject/hash": "^5.8.0",
        "@ethersproject/logger": "^5.8.0",
        "@ethersproject/properties": "^5.8.0",
        "@ethersproject/strings": "^5.8.0"
      }
    },
    "node_modules/@hexagon/base64": {
      "version": "1.1.28",
      "resolved": "https://registry.npmjs.org/@hexagon/base64/-/base64-1.1.28.tgz",
      "integrity": "sha512-lhqDEAvWixy3bZ+UOYbPwUbBkwBq5C1LAJ/xPC8Oi+lL54oyakv/npbA0aU2hgCsx/1NUd4IBvV03+aUBWxerw==",
      "license": "MIT"
    },
    "node_modules/@levischuck/tiny-cbor": {
      "version": "0.2.11",
      "resolved": "https://registry.npmjs.org/@levischuck/tiny-cbor/-/tiny-cbor-0.2.11.tgz",
      "integrity": "sha512-llBRm4dT4Z89aRsm6u2oEZ8tfwL/2l6BwpZ7JcyieouniDECM5AqNgr/y08zalEIvW3RSK4upYyybDcmjXqAow==",
      "license": "MIT"
    },
    "node_modules/@peculiar/asn1-android": {
      "version": "2.10.0",
      "resolved": "https://registry.npmjs.org/@peculiar/asn1-android/-/asn1-android-2.10.0.tgz",
      "integrity": "sha512-IHKdYL5MRW76DOQCv2HSE/vUMOf2jqH4E7yhtQYe/xx+RxpPiXfkUdhex0N4/s5crsnXCGftRNzy4RJn1s6CZA==",
      "license": "MIT",
      "dependencies": {
        "@peculiar/asn1-schema": "^2.10.0",
        "asn1js": "^3.0.10",
        "tslib": "^2.8.1"
      },
      "engines": {
        "node": ">=14"
      }
    },
    "node_modules/@peculiar/asn1-cms": {
      "version": "2.10.0",
      "resolved": "https://registry.npmjs.org/@peculiar/asn1-cms/-/asn1-cms-2.10.0.tgz",
      "integrity": "sha512-CkX0H4NCIOMHOU3rh2xXZywinYZ/EnJlaOlJiGI0e5L4XjFqHf4iH30LMbXWChVppdA9ljbanjtzQFOhDNfTWg==",
      "license": "MIT",
      "dependencies": {
        "@peculiar/asn1-schema": "^2.10.0",
        "@peculiar/asn1-x509": "^2.10.0",
        "@peculiar/asn1-x509-attr": "^2.10.0",
        "asn1js": "^3.0.10",
        "tslib": "^2.8.1"
      },
      "engines": {
        "node": ">=14"
      }
    },
    "node_modules/@peculiar/asn1-csr": {
      "version": "2.10.0",
      "resolved": "https://registry.npmjs.org/@peculiar/asn1-csr/-/asn1-csr-2.10.0.tgz",
      "integrity": "sha512-jTPTr/9rxKM+niQLMF3jiAMb0lWHUhUHIuSOhdGCIfpB4FAQYf9SoiXOgxP8bS/68IB+bj+1OHvVnDVCQfVUZw==",
      "license": "MIT",
      "dependencies": {
        "@peculiar/asn1-schema": "^2.10.0",
        "@peculiar/asn1-x509": "^2.10.0",
        "asn1js": "^3.0.10",
        "tslib": "^2.8.1"
      },
      "engines": {
        "node": ">=14"
      }
    },
    "node_modules/@peculiar/asn1-ecc": {
      "version": "2.10.0",
      "resolved": "https://registry.npmjs.org/@peculiar/asn1-ecc/-/asn1-ecc-2.10.0.tgz",
      "integrity": "sha512-GFd3iOjFrWX+QWH2R2dO5QSJyyRGv9CIBKtRlGlPNCvb2RvmCbBDexe91MJgV76c69d998Xsa+CvuQ98seoiPg==",
      "license": "MIT",
      "dependencies": {
        "@peculiar/asn1-schema": "^2.10.0",
        "@peculiar/asn1-x509": "^2.10.0",
        "asn1js": "^3.0.10",
        "tslib": "^2.8.1"
      },
      "engines": {
        "node": ">=14"
      }
    },
    "node_modules/@peculiar/asn1-pfx": {
      "version": "2.10.0",
      "resolved": "https://registry.npmjs.org/@peculiar/asn1-pfx/-/asn1-pfx-2.10.0.tgz",
      "integrity": "sha512-1y3QK9ZH1IPleAMmRoJlPS10eGkAWnULETW8zDFNUK1ffqpG7zmDY+kYBMYQgwlcQZ2iitLm2z2EBP0xzRXpaA==",
      "license": "MIT",
      "dependencies": {
        "@peculiar/asn1-cms": "^2.10.0",
        "@peculiar/asn1-pkcs8": "^2.10.0",
        "@peculiar/asn1-rsa": "^2.10.0",
        "@peculiar/asn1-schema": "^2.10.0",
        "asn1js": "^3.0.10",
        "tslib": "^2.8.1"
      },
      "engines": {
        "node": ">=14"
      }
    },
    "node_modules/@peculiar/asn1-pkcs8": {
      "version": "2.10.0",
      "resolved": "https://registry.npmjs.org/@peculiar/asn1-pkcs8/-/asn1-pkcs8-2.10.0.tgz",
      "integrity": "sha512-Ri+BZT9bnwqlHWmhs7lvWjvJRxKev2hA2+4EbZajgeYWCbR8hyv0znF4DhsFouOhMj2nSDV/iGJ6DMQtwITnCw==",
      "license": "MIT",
      "dependencies": {
        "@peculiar/asn1-schema": "^2.10.0",
        "@peculiar/asn1-x509": "^2.10.0",
        "asn1js": "^3.0.10",
        "tslib": "^2.8.1"
      },
      "engines": {
        "node": ">=14"
      }
    },
    "node_modules/@peculiar/asn1-pkcs9": {
      "version": "2.10.0",
      "resolved": "https://registry.npmjs.org/@peculiar/asn1-pkcs9/-/asn1-pkcs9-2.10.0.tgz",
      "integrity": "sha512-XIXsbDQFezYk6fudczkuvawkRD4GNpISGCqfYhdkJlvcGF/RFknU+0DDJagOaJqBf+PdPzk4J9oMqDGcvfR9HQ==",
      "license": "MIT",
      "dependencies": {
        "@peculiar/asn1-cms": "^2.10.0",
        "@peculiar/asn1-pfx": "^2.10.0",
        "@peculiar/asn1-pkcs8": "^2.10.0",
        "@peculiar/asn1-schema": "^2.10.0",
        "@peculiar/asn1-x509": "^2.10.0",
        "@peculiar/asn1-x509-attr": "^2.10.0",
        "asn1js": "^3.0.10",
        "tslib": "^2.8.1"
      },
      "engines": {
        "node": ">=14"
      }
    },
    "node_modules/@peculiar/asn1-rsa": {
      "version": "2.10.0",
      "resolved": "https://registry.npmjs.org/@peculiar/asn1-rsa/-/asn1-rsa-2.10.0.tgz",
      "integrity": "sha512-4Jvmwlh3gZAhNZ4/u7JSyLuce9hofOFZ4o3PYKAccCImGnyaT5CMym/ATgvAvqpOYFNW531oPZvJlEBhJy9VfA==",
      "license": "MIT",
      "dependencies": {
        "@peculiar/asn1-schema": "^2.10.0",
        "@peculiar/asn1-x509": "^2.10.0",
        "asn1js": "^3.0.10",
        "tslib": "^2.8.1"
      },
      "engines": {
        "node": ">=14"
      }
    },
    "node_modules/@peculiar/asn1-schema": {
      "version": "2.10.0",
      "resolved": "https://registry.npmjs.org/@peculiar/asn1-schema/-/asn1-schema-2.10.0.tgz",
      "integrity": "sha512-GhokD41lV4gQrrLYm3wCkHfBOnJrnhDMgt4XeMW8gzfE1UdJqIuSwsE+ggf82XBjUXRJylcm+KIGQFa4utIVLw==",
      "license": "MIT",
      "dependencies": {
        "@peculiar/utils": "^2.0.2",
        "asn1js": "^3.0.10",
        "tslib": "^2.8.1"
      },
      "engines": {
        "node": ">=14"
      }
    },
    "node_modules/@peculiar/asn1-x509": {
      "version": "2.10.0",
      "resolved": "https://registry.npmjs.org/@peculiar/asn1-x509/-/asn1-x509-2.10.0.tgz",
      "integrity": "sha512-ucNVg8+ANveTpMN3fy9lA2alryONdXc2A4cEG2hMniWbvQt+YOZoe8BI80YYNO8FBcuDY1qbDQ4uQGQVraHxGA==",
      "license": "MIT",
      "dependencies": {
        "@peculiar/asn1-schema": "^2.10.0",
        "@peculiar/utils": "^2.0.2",
        "asn1js": "^3.0.10",
        "tslib": "^2.8.1"
      },
      "engines": {
        "node": ">=14"
      }
    },
    "node_modules/@peculiar/asn1-x509-attr": {
      "version": "2.10.0",
      "resolved": "https://registry.npmjs.org/@peculiar/asn1-x509-attr/-/asn1-x509-attr-2.10.0.tgz",
      "integrity": "sha512-/85GtKOKmgvuSJNlaFfwGWNdRSZZ+hpF02NyM01XiCdzpaZONiBltDyfluFPvFx966CR+ZHNSG1jniwpy07oGg==",
      "license": "MIT",
      "dependencies": {
        "@peculiar/asn1-schema": "^2.10.0",
        "@peculiar/asn1-x509": "^2.10.0",
        "asn1js": "^3.0.10",
        "tslib": "^2.8.1"
      },
      "engines": {
        "node": ">=14"
      }
    },
    "node_modules/@peculiar/utils": {
      "version": "2.0.3",
      "resolved": "https://registry.npmjs.org/@peculiar/utils/-/utils-2.0.3.tgz",
      "integrity": "sha512-+oL3HPFRIZ1St2K50lWCXiioIgSoxzz7R1J3uF6neO2yl1sgmpgY6XXJH4BdpoDkMWznQTeYF6oWNDZLCdQ4eQ==",
      "license": "MIT",
      "dependencies": {
        "tslib": "^2.8.1"
      }
    },
    "node_modules/@peculiar/x509": {
      "version": "1.14.3",
      "resolved": "https://registry.npmjs.org/@peculiar/x509/-/x509-1.14.3.tgz",
      "integrity": "sha512-C2Xj8FZ0uHWeCXXqX5B4/gVFQmtSkiuOolzAgutjTfseNOHT3pUjljDZsTSxXFGgio54bCzVFqmEOUrIVk8RDA==",
      "license": "MIT",
      "dependencies": {
        "@peculiar/asn1-cms": "^2.6.0",
        "@peculiar/asn1-csr": "^2.6.0",
        "@peculiar/asn1-ecc": "^2.6.0",
        "@peculiar/asn1-pkcs9": "^2.6.0",
        "@peculiar/asn1-rsa": "^2.6.0",
        "@peculiar/asn1-schema": "^2.6.0",
        "@peculiar/asn1-x509": "^2.6.0",
        "pvtsutils": "^1.3.6",
        "reflect-metadata": "^0.2.2",
        "tslib": "^2.8.1",
        "tsyringe": "^4.10.0"
      },
      "engines": {
        "node": ">=20.0.0"
      }
    },
    "node_modules/@simplewebauthn/server": {
      "version": "13.3.3",
      "resolved": "https://registry.npmjs.org/@simplewebauthn/server/-/server-13.3.3.tgz",
      "integrity": "sha512-LelX/lcy5cjc15A86i/aNxHhB5eU7dd20QsbP0VLAf9e38+SLlsnqCCyecx3xqfGofhmX05h1J9fKRYWxw+luA==",
      "license": "MIT",
      "dependencies": {
        "@hexagon/base64": "^1.1.27",
        "@levischuck/tiny-cbor": "^0.2.2",
        "@peculiar/asn1-android": "^2.6.0",
        "@peculiar/asn1-ecc": "^2.6.1",
        "@peculiar/asn1-rsa": "^2.6.1",
        "@peculiar/asn1-schema": "^2.6.0",
        "@peculiar/asn1-x509": "^2.6.1",
        "@peculiar/x509": "^1.14.3"
      },
      "engines": {
        "node": ">=20.0.0"
      }
    },
    "node_modules/@stablelib/base64": {
      "version": "1.0.1",
      "resolved": "https://registry.npmjs.org/@stablelib/base64/-/base64-1.0.1.tgz",
      "integrity": "sha512-1bnPQqSxSuc3Ii6MhBysoWCg58j97aUjuCSZrGSmDxNqtytIi0k8utUenAwTZN4V5mXXYGsVUI9zeBqy+jBOSQ==",
      "license": "MIT"
    },
    "node_modules/aes-js": {
      "version": "3.0.0",
      "resolved": "https://registry.npmjs.org/aes-js/-/aes-js-3.0.0.tgz",
      "integrity": "sha512-H7wUZRn8WpTq9jocdxQ2c8x2sKo9ZVmzfRE13GiNJXfp7NcKYEdvl3vspKjXox6RIG2VtaRe4JFvxG4rqp2Zuw==",
      "license": "MIT"
    },
    "node_modules/asn1js": {
      "version": "3.0.10",
      "resolved": "https://registry.npmjs.org/asn1js/-/asn1js-3.0.10.tgz",
      "integrity": "sha512-S2s3aOytiKdFRdulw2qPE51MzjzVOisppcVv7jVFR+Kw0kxwvFrDcYA0h7Ndqbmj0HkMIXYWaoj7fli8kgx1eg==",
      "license": "BSD-3-Clause",
      "dependencies": {
        "pvtsutils": "^1.3.6",
        "pvutils": "^1.1.5",
        "tslib": "^2.8.1"
      },
      "engines": {
        "node": ">=12.0.0"
      }
    },
    "node_modules/bech32": {
      "version": "1.1.4",
      "resolved": "https://registry.npmjs.org/bech32/-/bech32-1.1.4.tgz",
      "integrity": "sha512-s0IrSOzLlbvX7yp4WBfPITzpAU8sqQcpsmwXDiKwrG4r491vwCO/XpejasRNl0piBMe/DvP4Tz0mIS/X1DPJBQ==",
      "license": "MIT"
    },
    "node_modules/bn.js": {
      "version": "5.2.5",
      "resolved": "https://registry.npmjs.org/bn.js/-/bn.js-5.2.5.tgz",
      "integrity": "sha512-Vq886eXykuP5E6HcKSSStP3bJgrE6In5WKxVUvJ8XGpWWYs2xZHWqUwzCtGgEtBcxyd57KBFDPFoUfNzdaHCNg==",
      "license": "MIT"
    },
    "node_modules/brorand": {
      "version": "1.1.0",
      "resolved": "https://registry.npmjs.org/brorand/-/brorand-1.1.0.tgz",
      "integrity": "sha512-cKV8tMCEpQs4hK/ik71d6LrPOnpkpGBR0wzxqr68g2m/LB2GxVYQroAjMJZRVM1Y4BCjCKc3vAamxSzOY2RP+w==",
      "license": "MIT"
    },
    "node_modules/cannon-es": {
      "version": "0.20.0",
      "resolved": "https://registry.npmjs.org/cannon-es/-/cannon-es-0.20.0.tgz",
      "integrity": "sha512-eZhWTZIkFOnMAJOgfXJa9+b3kVlvG+FX4mdkpePev/w/rP5V8NRquGyEozcjPfEoXUlb+p7d9SUcmDSn14prOA==",
      "license": "MIT"
    },
    "node_modules/elliptic": {
      "version": "6.6.1",
      "resolved": "https://registry.npmjs.org/elliptic/-/elliptic-6.6.1.tgz",
      "integrity": "sha512-RaddvvMatK2LJHqFJ+YA4WysVN5Ita9E35botqIYspQ4TkRAlCicdzKOjlyv/1Za5RyTNn7di//eEV0uTAfe3g==",
      "license": "MIT",
      "dependencies": {
        "bn.js": "^4.11.9",
        "brorand": "^1.1.0",
        "hash.js": "^1.0.0",
        "hmac-drbg": "^1.0.1",
        "inherits": "^2.0.4",
        "minimalistic-assert": "^1.0.1",
        "minimalistic-crypto-utils": "^1.0.1"
      }
    },
    "node_modules/elliptic/node_modules/bn.js": {
      "version": "4.12.5",
      "resolved": "https://registry.npmjs.org/bn.js/-/bn.js-4.12.5.tgz",
      "integrity": "sha512-3aRg6/JxfffFD+OlOjOFR3Vo79l39ooBTFucxx+MT3dhCtzn3EmiUPQo+6/OZuI2jbXi3YKgmiTFBgChQMwIRQ==",
      "license": "MIT"
    },
    "node_modules/ethers": {
      "version": "5.8.0",
      "resolved": "https://registry.npmjs.org/ethers/-/ethers-5.8.0.tgz",
      "integrity": "sha512-DUq+7fHrCg1aPDFCHx6UIPb3nmt2XMpM7Y/g2gLhsl3lIBqeAfOJIl1qEvRf2uq3BiKxmh6Fh5pfp2ieyek7Kg==",
      "funding": [
        {
          "type": "individual",
          "url": "https://gitcoin.co/grants/13/ethersjs-complete-simple-and-tiny-2"
        },
        {
          "type": "individual",
          "url": "https://www.buymeacoffee.com/ricmoo"
        }
      ],
      "license": "MIT",
      "dependencies": {
        "@ethersproject/abi": "5.8.0",
        "@ethersproject/abstract-provider": "5.8.0",
        "@ethersproject/abstract-signer": "5.8.0",
        "@ethersproject/address": "5.8.0",
        "@ethersproject/base64": "5.8.0",
        "@ethersproject/basex": "5.8.0",
        "@ethersproject/bignumber": "5.8.0",
        "@ethersproject/bytes": "5.8.0",
        "@ethersproject/constants": "5.8.0",
        "@ethersproject/contracts": "5.8.0",
        "@ethersproject/hash": "5.8.0",
        "@ethersproject/hdnode": "5.8.0",
        "@ethersproject/json-wallets": "5.8.0",
        "@ethersproject/keccak256": "5.8.0",
        "@ethersproject/logger": "5.8.0",
        "@ethersproject/networks": "5.8.0",
        "@ethersproject/pbkdf2": "5.8.0",
        "@ethersproject/properties": "5.8.0",
        "@ethersproject/providers": "5.8.0",
        "@ethersproject/random": "5.8.0",
        "@ethersproject/rlp": "5.8.0",
        "@ethersproject/sha2": "5.8.0",
        "@ethersproject/signing-key": "5.8.0",
        "@ethersproject/solidity": "5.8.0",
        "@ethersproject/strings": "5.8.0",
        "@ethersproject/transactions": "5.8.0",
        "@ethersproject/units": "5.8.0",
        "@ethersproject/wallet": "5.8.0",
        "@ethersproject/web": "5.8.0",
        "@ethersproject/wordlists": "5.8.0"
      }
    },
    "node_modules/fast-sha256": {
      "version": "1.3.0",
      "resolved": "https://registry.npmjs.org/fast-sha256/-/fast-sha256-1.3.0.tgz",
      "integrity": "sha512-n11RGP/lrWEFI/bWdygLxhI+pVeo1ZYIVwvvPkW7azl/rOy+F3HYRZ2K5zeE9mmkhQppyv9sQFx0JM9UabnpPQ==",
      "license": "Unlicense"
    },
    "node_modules/hash.js": {
      "version": "1.1.7",
      "resolved": "https://registry.npmjs.org/hash.js/-/hash.js-1.1.7.tgz",
      "integrity": "sha512-taOaskGt4z4SOANNseOviYDvjEJinIkRgmp7LbKP2YTTmVxWBl87s/uzK9r+44BclBSp2X7K1hqeNfz9JbBeXA==",
      "license": "MIT",
      "dependencies": {
        "inherits": "^2.0.3",
        "minimalistic-assert": "^1.0.1"
      }
    },
    "node_modules/hmac-drbg": {
      "version": "1.0.1",
      "resolved": "https://registry.npmjs.org/hmac-drbg/-/hmac-drbg-1.0.1.tgz",
      "integrity": "sha512-Tti3gMqLdZfhOQY1Mzf/AanLiqh1WTiJgEj26ZuYQ9fbkLomzGchCws4FyrSd4VkpBfiNhaE1On+lOz894jvXg==",
      "license": "MIT",
      "dependencies": {
        "hash.js": "^1.0.3",
        "minimalistic-assert": "^1.0.0",
        "minimalistic-crypto-utils": "^1.0.1"
      }
    },
    "node_modules/inherits": {
      "version": "2.0.4",
      "resolved": "https://registry.npmjs.org/inherits/-/inherits-2.0.4.tgz",
      "integrity": "sha512-k/vGaX4/Yla3WzyMCvTQOXYeIHvqOKtnqBduzTHpzpQZzAskKMhZ2K+EnBiSM9zGSoIFeMpXKxa4dYeZIQqewQ==",
      "license": "ISC"
    },
    "node_modules/js-sha3": {
      "version": "0.8.0",
      "resolved": "https://registry.npmjs.org/js-sha3/-/js-sha3-0.8.0.tgz",
      "integrity": "sha512-gF1cRrHhIzNfToc802P800N8PpXS+evLLXfsVpowqmAFR9uwbi89WvXg2QspOmXL8QL86J4T1EpFu+yUkwJY3Q==",
      "license": "MIT"
    },
    "node_modules/json-schema-to-ts": {
      "version": "3.1.1",
      "resolved": "https://registry.npmjs.org/json-schema-to-ts/-/json-schema-to-ts-3.1.1.tgz",
      "integrity": "sha512-+DWg8jCJG2TEnpy7kOm/7/AxaYoaRbjVB4LFZLySZlWn8exGs3A4OLJR966cVvU26N7X9TWxl+Jsw7dzAqKT6g==",
      "license": "MIT",
      "dependencies": {
        "@babel/runtime": "^7.18.3",
        "ts-algebra": "^2.0.0"
      },
      "engines": {
        "node": ">=16"
      }
    },
    "node_modules/minimalistic-assert": {
      "version": "1.0.1",
      "resolved": "https://registry.npmjs.org/minimalistic-assert/-/minimalistic-assert-1.0.1.tgz",
      "integrity": "sha512-UtJcAD4yEaGtjPezWuO9wC4nwUnVH/8/Im3yEHQP4b67cXlD/Qr9hdITCU1xDbSEXg2XKNaP8jsReV7vQd00/A==",
      "license": "ISC"
    },
    "node_modules/minimalistic-crypto-utils": {
      "version": "1.0.1",
      "resolved": "https://registry.npmjs.org/minimalistic-crypto-utils/-/minimalistic-crypto-utils-1.0.1.tgz",
      "integrity": "sha512-JIYlbt6g8i5jKfJ3xz7rF0LXmv2TkDxBLUkiBeZ7bAx4GnnNMr8xFpGnOxn6GhTEHx3SjRrZEoU+j04prX1ktg==",
      "license": "MIT"
    },
    "node_modules/pvtsutils": {
      "version": "1.3.6",
      "resolved": "https://registry.npmjs.org/pvtsutils/-/pvtsutils-1.3.6.tgz",
      "integrity": "sha512-PLgQXQ6H2FWCaeRak8vvk1GW462lMxB5s3Jm673N82zI4vqtVUPuZdffdZbPDFRoU8kAhItWFtPCWiPpp4/EDg==",
      "license": "MIT",
      "dependencies": {
        "tslib": "^2.8.1"
      }
    },
    "node_modules/pvutils": {
      "version": "1.2.0",
      "resolved": "https://registry.npmjs.org/pvutils/-/pvutils-1.2.0.tgz",
      "integrity": "sha512-BbubeCEyTuQjVMakvJQ/Sxbc93F2pwmbsxONT/ZRrwU7Ua38d8unYTwXpTVLAKJ4BDuH9IGztCjQcd/N/39Dvg==",
      "license": "MIT",
      "engines": {
        "node": ">=16.0.0"
      }
    },
    "node_modules/reflect-metadata": {
      "version": "0.2.2",
      "resolved": "https://registry.npmjs.org/reflect-metadata/-/reflect-metadata-0.2.2.tgz",
      "integrity": "sha512-urBwgfrvVP/eAyXx4hluJivBKzuEbSQs9rKWCrCkbSxNv8mxPcUZKeuoF3Uy4mJl3Lwprp6yy5/39VWigZ4K6Q==",
      "license": "Apache-2.0"
    },
    "node_modules/scrypt-js": {
      "version": "3.0.1",
      "resolved": "https://registry.npmjs.org/scrypt-js/-/scrypt-js-3.0.1.tgz",
      "integrity": "sha512-cdwTTnqPu0Hyvf5in5asVdZocVDTNRmR7XEcJuIzMjJeSHybHl7vpB66AzwTaIg6CLSbtjcxc8fqcySfnTkccA==",
      "license": "MIT"
    },
    "node_modules/standardwebhooks": {
      "version": "1.1.1",
      "resolved": "https://registry.npmjs.org/standardwebhooks/-/standardwebhooks-1.1.1.tgz",
      "integrity": "sha512-bCbX9ZEyFkWPsRz7Bl3NuQUJohmwGSev/yhr7vhaGPlc4AfIrspIRa6cPTBuI1ItmrTDJ4d/S2hCsfe4+vQGnQ==",
      "license": "MIT",
      "dependencies": {
        "@stablelib/base64": "^1.0.0",
        "fast-sha256": "^1.3.0"
      }
    },
    "node_modules/ts-algebra": {
      "version": "2.0.0",
      "resolved": "https://registry.npmjs.org/ts-algebra/-/ts-algebra-2.0.0.tgz",
      "integrity": "sha512-FPAhNPFMrkwz76P7cdjdmiShwMynZYN6SgOujD1urY4oNm80Ou9oMdmbR45LotcKOXoy7wSmHkRFE6Mxbrhefw==",
      "license": "MIT"
    },
    "node_modules/tslib": {
      "version": "2.8.1",
      "resolved": "https://registry.npmjs.org/tslib/-/tslib-2.8.1.tgz",
      "integrity": "sha512-oJFu94HQb+KVduSUQL7wnpmqnfmLsOA/nAh6b6EH0wCEoK0/mPeXU6c3wKDV83MkOuHPRHtSXKKU99IBazS/2w==",
      "license": "0BSD"
    },
    "node_modules/tsyringe": {
      "version": "4.10.0",
      "resolved": "https://registry.npmjs.org/tsyringe/-/tsyringe-4.10.0.tgz",
      "integrity": "sha512-axr3IdNuVIxnaK5XGEUFTu3YmAQ6lllgrvqfEoR16g/HGnYY/6We4oWENtAnzK6/LpJ2ur9PAb80RBt7/U4ugw==",
      "license": "MIT",
      "dependencies": {
        "tslib": "^1.9.3"
      },
      "engines": {
        "node": ">= 6.0.0"
      }
    },
    "node_modules/tsyringe/node_modules/tslib": {
      "version": "1.14.1",
      "resolved": "https://registry.npmjs.org/tslib/-/tslib-1.14.1.tgz",
      "integrity": "sha512-Xni35NKzjgMrwevysHTCArtLDpPvye8zV/0E4EyYn43P7/7qvQwPh9BGkHewbMulVntbigmcT7rdX3BNo9wRJg==",
      "license": "0BSD"
    },
    "node_modules/ws": {
      "version": "8.21.3",
      "resolved": "https://registry.npmjs.org/ws/-/ws-8.21.3.tgz",
      "integrity": "sha512-201TZ/kPWxoPr/OKWjquZR1SWKXcvxdH+e1xrx89b3YbmzLMFCLfnaG1HFIgWzJOEWZ7MvpK++odZufgYR50Rw==",
      "license": "MIT",
      "engines": {
        "node": ">=10.0.0"
      },
      "peerDependencies": {
        "bufferutil": "^4.0.1",
        "utf-8-validate": ">=5.0.2"
      },
      "peerDependenciesMeta": {
        "bufferutil": {
          "optional": true
        },
        "utf-8-validate": {
          "optional": true
        }
      }
    }
  }
}
